
Microsoft Visual Studio Solution File, Format Version 12.00
# Visual Studio 15
VisualStudioVersion = 15.0.28307.106
MinimumVisualStudioVersion = 10.0.40219.1
Project("{FAE04EC0-301F-11D3-BF4B-00C04F79EFBC}") = "project", "project\project.csproj", "{C7CAEA74-0E07-4692-9FEC-A51000A1C480}"
EndProject
Global
	GlobalSection(SolutionConfigurationPlatforms) = preSolution
		Debug|Any CPU = Debug|Any CPU
		Release|Any CPU = Release|Any CPU
	EndGlobalSection
	GlobalSection(ProjectConfigurationPlatforms) = postSolution
		{C7CAEA74-0E07-4692-9FEC-A51000A1C480}.Debug|Any CPU.ActiveCfg = Debug|Any CPU
		{C7CAEA74-0E07-4692-9FEC-A51000A1C480}.Debug|Any CPU.Build.0 = Debug|Any CPU
		{C7CAEA74-0E07-4692-9FEC-A51000A1C480}.Release|Any CPU.ActiveCfg = Release|Any CPU
		{C7CAEA74-0E07-4692-9FEC-A51000A1C480}.Release|Any CPU.Build.0 = Release|Any CPU
	EndGlobalSection
	GlobalSection(SolutionProperties) = preSolution
		HideSolutionNode = FALSE
	EndGlobalSection
	GlobalSection(ExtensibilityGlobals) = postSolution
		SolutionGuid = {14259F21-AC37-4BC8-8D8B-CA37F47E6D5E}
	EndGlobalSection
EndGlobal
